
Microsoft Visual Studio Solution File, Format Version 12.00
# Visual Studio 15
VisualStudioVersion = 15.0.28307.1169
MinimumVisualStudioVersion = 10.0.40219.1
Project("{FAE04EC0-301F-11D3-BF4B-00C04F79EFBC}") = "SpriteTool", "SpriteTool\SpriteTool.csproj", "{4824F0F9-1E4B-4CF2-9705-111361AD5B6C}"
EndProject
Project("{FAE04EC0-301F-11D3-BF4B-00C04F79EFBC}") = "SheetMaker", "SheetMaker\SheetMaker.csproj", "{E6FED9C5-FEA4-4064-8C9F-B75B8C61D389}"
EndProject
Project("{FAE04EC0-301F-11D3-BF4B-00C04F79EFBC}") = "ImagingLibrary", "ImagingLibrary\ImagingLibrary.csproj", "{EDB91D83-778A-45F1-8938-A6002C8E88B2}"
EndProject
Global
	GlobalSection(SolutionConfigurationPlatforms) = preSolution
		Debug|Any CPU = Debug|Any CPU
		Release|Any CPU = Release|Any CPU
	EndGlobalSection
	GlobalSection(ProjectConfigurationPlatforms) = postSolution
		{4824F0F9-1E4B-4CF2-9705-111361AD5B6C}.Debug|Any CPU.ActiveCfg = Debug|Any CPU
		{4824F0F9-1E4B-4CF2-9705-111361AD5B6C}.Debug|Any CPU.Build.0 = Debug|Any CPU
		{4824F0F9-1E4B-4CF2-9705-111361AD5B6C}.Release|Any CPU.ActiveCfg = Release|Any CPU
		{4824F0F9-1E4B-4CF2-9705-111361AD5B6C}.Release|Any CPU.Build.0 = Release|Any CPU
		{E6FED9C5-FEA4-4064-8C9F-B75B8C61D389}.Debug|Any CPU.ActiveCfg = Debug|Any CPU
		{E6FED9C5-FEA4-4064-8C9F-B75B8C61D389}.Debug|Any CPU.Build.0 = Debug|Any CPU
		{E6FED9C5-FEA4-4064-8C9F-B75B8C61D389}.Release|Any CPU.ActiveCfg = Release|Any CPU
		{E6FED9C5-FEA4-4064-8C9F-B75B8C61D389}.Release|Any CPU.Build.0 = Release|Any CPU
		{EDB91D83-778A-45F1-8938-A6002C8E88B2}.Debug|Any CPU.ActiveCfg = Debug|Any CPU
		{EDB91D83-778A-45F1-8938-A6002C8E88B2}.Debug|Any CPU.Build.0 = Debug|Any CPU
		{EDB91D83-778A-45F1-8938-A6002C8E88B2}.Release|Any CPU.ActiveCfg = Release|Any CPU
		{EDB91D83-778A-45F1-8938-A6002C8E88B2}.Release|Any CPU.Build.0 = Release|Any CPU
	EndGlobalSection
	GlobalSection(SolutionProperties) = preSolution
		HideSolutionNode = FALSE
	EndGlobalSection
	GlobalSection(ExtensibilityGlobals) = postSolution
		SolutionGuid = {1C37E46B-CE48-4DFA-8C7A-3423576BB093}
	EndGlobalSection
EndGlobal
